
Microsoft Visual Studio Solution File, Format Version 12.00
# Visual Studio Version 16
VisualStudioVersion = 16.0.29519.181
MinimumVisualStudioVersion = 10.0.40219.1
Project("{9A19103F-16F7-4668-BE54-9A1E7A4F7556}") = "Evol.Util.Tests", "test\Evol.Util.Tests\Evol.Util.Tests.csproj", "{6CDD5327-B412-40B3-ABC9-A92211F167AA}"
EndProject
Project("{2150E333-8FDC-42A3-9474-1A3956D46DE8}") = "test", "test", "{76EF6245-8D3F-464A-BB7E-ED8622AAEB05}"
EndProject
Project("{2150E333-8FDC-42A3-9474-1A3956D46DE8}") = "src", "src", "{8B542B00-87DC-489A-9166-981260EE1AF6}"
EndProject
Project("{2150E333-8FDC-42A3-9474-1A3956D46DE8}") = "Infrastructure", "Infrastructure", "{1AD154AD-3377-44A1-8BC3-FA86CCB40E93}"
EndProject
Project("{9A19103F-16F7-4668-BE54-9A1E7A4F7556}") = "Evol.Util", "src\Infrastructure\Evol.Util\Evol.Util.csproj", "{38EF3D60-1414-4777-AD9E-39042B55A045}"
EndProject
Project("{9A19103F-16F7-4668-BE54-9A1E7A4F7556}") = "Evol.Common", "src\Infrastructure\Evol.Common\Evol.Common.csproj", "{10639FD4-78A1-4F0E-BD53-4D7EED316607}"
EndProject
Project("{9A19103F-16F7-4668-BE54-9A1E7A4F7556}") = "Evol.Domain", "src\Infrastructure\Evol.Domain\Evol.Domain.csproj", "{41C398FB-42B4-472A-B46B-CADCBEF14249}"
EndProject
Project("{9A19103F-16F7-4668-BE54-9A1E7A4F7556}") = "Evol.Web", "src\Infrastructure\Evol.Web\Evol.Web.csproj", "{F367A4E0-6BBC-43B0-956F-6F0E0E11A6FE}"
EndProject
Project("{2150E333-8FDC-42A3-9474-1A3956D46DE8}") = "Wrap", "Wrap", "{77452356-61F9-4D92-BA06-BA5C47C96074}"
EndProject
Project("{9A19103F-16F7-4668-BE54-9A1E7A4F7556}") = "Evol.Dapper", "src\Infrastructure\Evol.Dapper\Evol.Dapper.csproj", "{F03F6702-F3B0-4E73-AF42-55829F8CDA54}"
EndProject
Project("{9A19103F-16F7-4668-BE54-9A1E7A4F7556}") = "Evol.EntityFramework", "src\Infrastructure\Evol.EntityFramework\Evol.EntityFramework.csproj", "{9655A0A8-990D-425E-AE4B-5B125F264C27}"
EndProject
Project("{9A19103F-16F7-4668-BE54-9A1E7A4F7556}") = "Evol.Memcached", "src\Infrastructure\Evol.Memcached\Evol.Memcached.csproj", "{F00E16D4-A85C-473F-82BB-6DB4F4AE7ADD}"
EndProject
Project("{9A19103F-16F7-4668-BE54-9A1E7A4F7556}") = "Evol.MongoDB", "src\Infrastructure\Evol.MongoDB\Evol.MongoDB.csproj", "{A594511B-EA29-4EAC-93CB-58360DD54F16}"
EndProject
Project("{9A19103F-16F7-4668-BE54-9A1E7A4F7556}") = "Evol.Redis", "src\Infrastructure\Evol.Redis\Evol.Redis.csproj", "{207ABBB4-5977-4FFB-8AF3-15C34D21BB1D}"
EndProject
Project("{2150E333-8FDC-42A3-9474-1A3956D46DE8}") = "document", "document", "{4458BF2D-1651-4346-AA76-2D3EC3F8E5EA}"
	ProjectSection(SolutionItems) = preProject
		document\aspnet-core.xmind = document\aspnet-core.xmind
		document\docker-netcore.md = document\docker-netcore.md
		document\linux-started.md = document\linux-started.md
	EndProjectSection
EndProject
Project("{9A19103F-16F7-4668-BE54-9A1E7A4F7556}") = "Evol.Redis.Tests", "test\Evol.Redis.Tests\Evol.Redis.Tests.csproj", "{A14614C5-797B-4B89-B060-17E6E96D5783}"
EndProject
Project("{9A19103F-16F7-4668-BE54-9A1E7A4F7556}") = "Evol.Dapper.Tests", "test\Evol.Dapper.Tests\Evol.Dapper.Tests.csproj", "{88EDC971-113F-4177-AD14-E21513270C64}"
EndProject
Project("{9A19103F-16F7-4668-BE54-9A1E7A4F7556}") = "Evol.EntityFramework.Tests", "test\Evol.EntityFramework.Tests\Evol.EntityFramework.Tests.csproj", "{A3579211-7AAF-47A0-BA16-FAD6B56A973C}"
EndProject
Project("{9A19103F-16F7-4668-BE54-9A1E7A4F7556}") = "Evol.Test.Models", "test\Evol.Test.Models\Evol.Test.Models.csproj", "{792A1533-7AD0-4F36-8A86-ED360882C03F}"
EndProject
Project("{9A19103F-16F7-4668-BE54-9A1E7A4F7556}") = "Evol.MongoDB.Tests", "test\Evol.MongoDB.Tests\Evol.MongoDB.Tests.csproj", "{39002745-9844-45D2-90C2-0E4AF9C17509}"
EndProject
Project("{9A19103F-16F7-4668-BE54-9A1E7A4F7556}") = "Evol.Memcached.Tests", "test\Evol.Memcached.Tests\Evol.Memcached.Tests.csproj", "{DBB12DA4-C154-40B8-8635-0E9D49FC609D}"
EndProject
Project("{9A19103F-16F7-4668-BE54-9A1E7A4F7556}") = "Evol.Snippet.Tests", "test\Evol.Snippet.Tests\Evol.Snippet.Tests.csproj", "{3B174BC7-9DFB-41C2-A50D-512F1EF61E34}"
EndProject
Project("{2150E333-8FDC-42A3-9474-1A3956D46DE8}") = "Infrastructure", "Infrastructure", "{DC97D607-3292-4313-8CED-8AA0B19FF382}"
EndProject
Project("{9A19103F-16F7-4668-BE54-9A1E7A4F7556}") = "Evol.Domain.Tests", "test\Evol.Domain.Tests\Evol.Domain.Tests.csproj", "{F30AB82A-ED53-486B-B856-403331E795E8}"
EndProject
Project("{9A19103F-16F7-4668-BE54-9A1E7A4F7556}") = "Evol.TMovie.Domain", "src\Evol.TMovie.Domain\Evol.TMovie.Domain.csproj", "{B127005D-D1E1-4DD9-A8BF-FAA92B69E19D}"
EndProject
Project("{9A19103F-16F7-4668-BE54-9A1E7A4F7556}") = "Evol.TMovie.Website", "src\Evol.TMovie.Website\Evol.TMovie.Website.csproj", "{2AF26149-1643-44D1-8076-133ED57221F7}"
EndProject
Project("{9A19103F-16F7-4668-BE54-9A1E7A4F7556}") = "Evol.TMovie.ConsoleApp", "src\Evol.TMovie.ConsoleApp\Evol.TMovie.ConsoleApp.csproj", "{C3C87D5D-8860-4BCA-9C6B-519C87F53EFE}"
EndProject
Project("{2150E333-8FDC-42A3-9474-1A3956D46DE8}") = "images", "images", "{64AA9E57-894B-4BBE-85C3-44611F92D12D}"
	ProjectSection(SolutionItems) = preProject
		document\images\docker_cli_stage.png = document\images\docker_cli_stage.png
	EndProjectSection
EndProject
Project("{9A19103F-16F7-4668-BE54-9A1E7A4F7556}") = "Evol.TMovieLog.Data", "src\Evol.TMovieLog.Data\Evol.TMovieLog.Data.csproj", "{4D9CA517-11E2-4FC3-B2C4-354346776714}"
EndProject
Project("{9A19103F-16F7-4668-BE54-9A1E7A4F7556}") = "Evol.TMovie.Manage", "src\Evol.TMovie.Manage\Evol.TMovie.Manage.csproj", "{7356A510-85AF-419F-AC9C-83B130049120}"
EndProject
Project("{9A19103F-16F7-4668-BE54-9A1E7A4F7556}") = "Evol.TMovie.Manage.Tests", "test\Evol.TMovie.Tests\Evol.TMovie.Manage.Tests.csproj", "{F6AB0976-8001-493F-9417-82EBF3799869}"
EndProject
Project("{9A19103F-16F7-4668-BE54-9A1E7A4F7556}") = "Evol.Logging.Tests", "test\Evol.Logging.Tests\Evol.Logging.Tests.csproj", "{6A1D754E-D2D1-44BB-956B-3CD87BAFD8C2}"
EndProject
Project("{9A19103F-16F7-4668-BE54-9A1E7A4F7556}") = "Evol.RabbitMQ", "src\Infrastructure\Evol.RabbitMQ\Evol.RabbitMQ.csproj", "{2A7AB31E-ED25-4F9D-BB06-14953EBB9B8A}"
EndProject
Project("{9A19103F-16F7-4668-BE54-9A1E7A4F7556}") = "Evol.RabbitMQ.Tests", "test\Evol.RabbitMQ.Tests\Evol.RabbitMQ.Tests.csproj", "{2925C2CF-8706-481A-94B8-7C263E2B16D9}"
EndProject
Project("{FAE04EC0-301F-11D3-BF4B-00C04F79EFBC}") = "Evol.Fx.EntityFramework", "src\Infrastructure\Evol.Fx.EntityFramework\Evol.Fx.EntityFramework.csproj", "{E169F36C-C6EF-402C-B6C0-1A309FA74502}"
EndProject
Project("{9A19103F-16F7-4668-BE54-9A1E7A4F7556}") = "Evol.Configuration", "src\Infrastructure\Evol.Configuration\Evol.Configuration.csproj", "{A9D593CA-62C0-477E-B94A-FC125DEBBAAD}"
EndProject
Project("{9A19103F-16F7-4668-BE54-9A1E7A4F7556}") = "Evol.Extensions", "src\Infrastructure\ThEvol.Extensions\Evol.Extensions.csproj", "{1FDA8E22-709A-47E2-9FD3-5FD386BF1D68}"
EndProject
Project("{9A19103F-16F7-4668-BE54-9A1E7A4F7556}") = "Evol.UnitOfWork.Abstractions", "src\Infrastructure\Evol.UnitOfWork.Abstractions\Evol.UnitOfWork.Abstractions.csproj", "{9A73D3A4-7FB6-4829-9194-50C235B8113D}"
EndProject
Project("{9A19103F-16F7-4668-BE54-9A1E7A4F7556}") = "Evol.EntityFrameworkCore.SqlServer", "src\Infrastructure\Evol.EntityFrameworkCore.SqlServer\Evol.EntityFrameworkCore.SqlServer.csproj", "{EC7839C9-C858-4206-979D-FF177FBF3B3F}"
EndProject
Project("{9A19103F-16F7-4668-BE54-9A1E7A4F7556}") = "Evol.Logging.NLog", "src\Infrastructure\Evol.Logging.NLog\Evol.Logging.NLog.csproj", "{CCD8F050-F198-48FD-A1D9-C5CD53A90CE3}"
EndProject
Project("{FAE04EC0-301F-11D3-BF4B-00C04F79EFBC}") = "Evol.Fx.Extensions.Unity", "src\Infrastructure\Evol.Fx.Extensions.Unity\Evol.Fx.Extensions.Unity.csproj", "{5FA1DD1C-E44C-4B3A-83AE-C37CB6660DAC}"
EndProject
Project("{FAE04EC0-301F-11D3-BF4B-00C04F79EFBC}") = "Evol.Fx.Logging.NLog", "src\Infrastructure\Evol.Fx.Logging.NLog\Evol.Fx.Logging.NLog.csproj", "{07B0FB91-204B-4552-A2F6-A8D76D9B8311}"
EndProject
Project("{2150E333-8FDC-42A3-9474-1A3956D46DE8}") = "sample", "sample", "{CC8C7D59-0D31-4743-A44C-ECFB1C20566D}"
EndProject
Project("{9A19103F-16F7-4668-BE54-9A1E7A4F7556}") = "Sample.Storage", "sample\Sample.Storage\Sample.Storage.csproj", "{2691D0A2-0A92-4ED9-B801-8B34F34BF5D9}"
EndProject
Project("{9A19103F-16F7-4668-BE54-9A1E7A4F7556}") = "Sample.Domain", "sample\Sample.Domain\Sample.Domain.csproj", "{082047B6-8FF7-4582-8046-99A2E3780084}"
EndProject
Project("{9A19103F-16F7-4668-BE54-9A1E7A4F7556}") = "Sample.Website", "sample\Sample.Website\Sample.Website.csproj", "{85858303-70D0-4FAB-A635-4785A9E24F8C}"
EndProject
Project("{9A19103F-16F7-4668-BE54-9A1E7A4F7556}") = "Evol.EntityFrameworkCore.MySql", "src\Infrastructure\Evol.EntityFrameworkCore.MySql\Evol.EntityFrameworkCore.MySql.csproj", "{5669BA93-7196-49CE-A47F-B5F04BD3262E}"
EndProject
Project("{9A19103F-16F7-4668-BE54-9A1E7A4F7556}") = "ThEvol.EntityFrameworkCore.SqlServer.Tests", "test\ThEvol.EntityFrameworkCore.SqlServer.Tests\ThEvol.EntityFrameworkCore.SqlServer.Tests.csproj", "{CDBFA835-2034-48C4-BC7E-2F6111B10C2C}"
EndProject
Project("{FAE04EC0-301F-11D3-BF4B-00C04F79EFBC}") = "ThEvol.Logging.AdapteNLog.FxTests", "test\ThEvol.Logging.AdapteNLog.FxTests\ThEvol.Logging.AdapteNLog.FxTests.csproj", "{DFA74787-64AC-4A9E-8395-ADAAC3BCE866}"
EndProject
Project("{FAE04EC0-301F-11D3-BF4B-00C04F79EFBC}") = "ThEvol.Fx.EntityFramework.Tests", "test\ThEvol.Fx.EntityFramework.Tests\ThEvol.Fx.EntityFramework.Tests.csproj", "{E6E604D8-0C24-441D-9486-AA9C7C18F387}"
EndProject
Project("{9A19103F-16F7-4668-BE54-9A1E7A4F7556}") = "Evol.Extensions.Autofac", "src\Infrastructure\Evol.Extensions.Autofac\Evol.Extensions.Autofac.csproj", "{B2693D79-066F-4D05-96AC-1D5704B6997E}"
EndProject
Project("{9A19103F-16F7-4668-BE54-9A1E7A4F7556}") = "Evol.EntityFrameworkCore.Configuration", "src\Infrastructure\Evol.EntityFrameworkCore.Configuration\Evol.EntityFrameworkCore.Configuration.csproj", "{868084EF-3B0D-49B1-9B0D-0C9C1D75483E}"
EndProject
Project("{9A19103F-16F7-4668-BE54-9A1E7A4F7556}") = "Evol.TMovie.Data", "src\Evol.TMovie.Data\Evol.TMovie.Data.csproj", "{2045A718-D6BD-484C-A71F-711AF5A891FD}"
EndProject
Project("{9A19103F-16F7-4668-BE54-9A1E7A4F7556}") = "Evol.Extensions.Autofac.AspnetCore", "src\Infrastructure\Evol.Extensions.Autofac.AspnetCore\Evol.Extensions.Autofac.AspnetCore.csproj", "{65ABCD99-E000-49AD-89CC-A82872C51556}"
EndProject
Project("{9A19103F-16F7-4668-BE54-9A1E7A4F7556}") = "Evol.NLog.Tests", "test\Evol.NLog.Tests\Evol.NLog.Tests.csproj", "{F6FCB8C4-2563-4605-B0AC-64782F092BF2}"
EndProject
Project("{9A19103F-16F7-4668-BE54-9A1E7A4F7556}") = "Evol.RabbitMQ.ConsumerConsole", "test\Evol.RabbitMQ.ConsumerConsole\Evol.RabbitMQ.ConsumerConsole.csproj", "{B43BA983-134C-4429-8AC0-F0B73D6E9D0A}"
EndProject
Project("{2150E333-8FDC-42A3-9474-1A3956D46DE8}") = "lib", "lib", "{34EFDC1E-5B4C-4590-9540-6C9660978963}"
EndProject
Project("{2150E333-8FDC-42A3-9474-1A3956D46DE8}") = "NLog.Mongo", "NLog.Mongo", "{7F8E3AFD-0FBC-49A8-A7D8-DCA6CA4D8140}"
EndProject
Project("{FAE04EC0-301F-11D3-BF4B-00C04F79EFBC}") = "Evol.Fx.Web", "src\Infrastructure\Evol.Fx.Web\Evol.Fx.Web.csproj", "{28E71527-03D6-45FC-AE9A-B5205A8D0103}"
EndProject
Project("{FAE04EC0-301F-11D3-BF4B-00C04F79EFBC}") = "EvolFx.TMovie.Website", "src\EvolFx.TMovie.Website\EvolFx.TMovie.Website.csproj", "{83121F47-C563-4CF5-813F-5A0E47B74ACF}"
EndProject
Project("{9A19103F-16F7-4668-BE54-9A1E7A4F7556}") = "Evol.Elasticsearch.Tests", "test\Evol.Elasticsearch.Tests\Evol.Elasticsearch.Tests.csproj", "{8A0AC3CB-01D0-432E-AB10-3539C87B6C31}"
EndProject
Project("{9A19103F-16F7-4668-BE54-9A1E7A4F7556}") = "Evol.InfluxDB", "src\Infrastructure\Evol.InfluxDB\Evol.InfluxDB.csproj", "{00FB9601-1650-46CA-8F35-15DEFEABEBC9}"
EndProject
Project("{9A19103F-16F7-4668-BE54-9A1E7A4F7556}") = "Evol.InfluxDB.Tests", "test\Evol.InfluxDB.Tests\Evol.InfluxDB.Tests.csproj", "{279CC673-5B5D-440D-B111-2C02453C2403}"
EndProject
Project("{FAE04EC0-301F-11D3-BF4B-00C04F79EFBC}") = "Evol.SimpleDapper", "src\Infrastructure\Evol.SimpleDapper\Evol.SimpleDapper.csproj", "{174E1C8C-4BF1-4F58-8A5A-44860AEA9B55}"
EndProject
Global
	GlobalSection(SolutionConfigurationPlatforms) = preSolution
		Debug|Any CPU = Debug|Any CPU
		Release|Any CPU = Release|Any CPU
	EndGlobalSection
	GlobalSection(ProjectConfigurationPlatforms) = postSolution
		{6CDD5327-B412-40B3-ABC9-A92211F167AA}.Debug|Any CPU.ActiveCfg = Debug|Any CPU
		{6CDD5327-B412-40B3-ABC9-A92211F167AA}.Debug|Any CPU.Build.0 = Debug|Any CPU
		{6CDD5327-B412-40B3-ABC9-A92211F167AA}.Release|Any CPU.ActiveCfg = Release|Any CPU
		{6CDD5327-B412-40B3-ABC9-A92211F167AA}.Release|Any CPU.Build.0 = Release|Any CPU
		{38EF3D60-1414-4777-AD9E-39042B55A045}.Debug|Any CPU.ActiveCfg = Debug|Any CPU
		{38EF3D60-1414-4777-AD9E-39042B55A045}.Debug|Any CPU.Build.0 = Debug|Any CPU
		{38EF3D60-1414-4777-AD9E-39042B55A045}.Release|Any CPU.ActiveCfg = Release|Any CPU
		{38EF3D60-1414-4777-AD9E-39042B55A045}.Release|Any CPU.Build.0 = Release|Any CPU
		{10639FD4-78A1-4F0E-BD53-4D7EED316607}.Debug|Any CPU.ActiveCfg = Debug|Any CPU
		{10639FD4-78A1-4F0E-BD53-4D7EED316607}.Debug|Any CPU.Build.0 = Debug|Any CPU
		{10639FD4-78A1-4F0E-BD53-4D7EED316607}.Release|Any CPU.ActiveCfg = Release|Any CPU
		{10639FD4-78A1-4F0E-BD53-4D7EED316607}.Release|Any CPU.Build.0 = Release|Any CPU
		{41C398FB-42B4-472A-B46B-CADCBEF14249}.Debug|Any CPU.ActiveCfg = Debug|Any CPU
		{41C398FB-42B4-472A-B46B-CADCBEF14249}.Debug|Any CPU.Build.0 = Debug|Any CPU
		{41C398FB-42B4-472A-B46B-CADCBEF14249}.Release|Any CPU.ActiveCfg = Release|Any CPU
		{41C398FB-42B4-472A-B46B-CADCBEF14249}.Release|Any CPU.Build.0 = Release|Any CPU
		{F367A4E0-6BBC-43B0-956F-6F0E0E11A6FE}.Debug|Any CPU.ActiveCfg = Debug|Any CPU
		{F367A4E0-6BBC-43B0-956F-6F0E0E11A6FE}.Debug|Any CPU.Build.0 = Debug|Any CPU
		{F367A4E0-6BBC-43B0-956F-6F0E0E11A6FE}.Release|Any CPU.ActiveCfg = Release|Any CPU
		{F367A4E0-6BBC-43B0-956F-6F0E0E11A6FE}.Release|Any CPU.Build.0 = Release|Any CPU
		{F03F6702-F3B0-4E73-AF42-55829F8CDA54}.Debug|Any CPU.ActiveCfg = Debug|Any CPU
		{F03F6702-F3B0-4E73-AF42-55829F8CDA54}.Debug|Any CPU.Build.0 = Debug|Any CPU
		{F03F6702-F3B0-4E73-AF42-55829F8CDA54}.Release|Any CPU.ActiveCfg = Release|Any CPU
		{F03F6702-F3B0-4E73-AF42-55829F8CDA54}.Release|Any CPU.Build.0 = Release|Any CPU
		{9655A0A8-990D-425E-AE4B-5B125F264C27}.Debug|Any CPU.ActiveCfg = Debug|Any CPU
		{9655A0A8-990D-425E-AE4B-5B125F264C27}.Debug|Any CPU.Build.0 = Debug|Any CPU
		{9655A0A8-990D-425E-AE4B-5B125F264C27}.Release|Any CPU.ActiveCfg = Release|Any CPU
		{9655A0A8-990D-425E-AE4B-5B125F264C27}.Release|Any CPU.Build.0 = Release|Any CPU
		{F00E16D4-A85C-473F-82BB-6DB4F4AE7ADD}.Debug|Any CPU.ActiveCfg = Debug|Any CPU
		{F00E16D4-A85C-473F-82BB-6DB4F4AE7ADD}.Debug|Any CPU.Build.0 = Debug|Any CPU
		{F00E16D4-A85C-473F-82BB-6DB4F4AE7ADD}.Release|Any CPU.ActiveCfg = Release|Any CPU
		{F00E16D4-A85C-473F-82BB-6DB4F4AE7ADD}.Release|Any CPU.Build.0 = Release|Any CPU
		{A594511B-EA29-4EAC-93CB-58360DD54F16}.Debug|Any CPU.ActiveCfg = Debug|Any CPU
		{A594511B-EA29-4EAC-93CB-58360DD54F16}.Debug|Any CPU.Build.0 = Debug|Any CPU
		{A594511B-EA29-4EAC-93CB-58360DD54F16}.Release|Any CPU.ActiveCfg = Release|Any CPU
		{A594511B-EA29-4EAC-93CB-58360DD54F16}.Release|Any CPU.Build.0 = Release|Any CPU
		{207ABBB4-5977-4FFB-8AF3-15C34D21BB1D}.Debug|Any CPU.ActiveCfg = Debug|Any CPU
		{207ABBB4-5977-4FFB-8AF3-15C34D21BB1D}.Debug|Any CPU.Build.0 = Debug|Any CPU
		{207ABBB4-5977-4FFB-8AF3-15C34D21BB1D}.Release|Any CPU.ActiveCfg = Release|Any CPU
		{207ABBB4-5977-4FFB-8AF3-15C34D21BB1D}.Release|Any CPU.Build.0 = Release|Any CPU
		{A14614C5-797B-4B89-B060-17E6E96D5783}.Debug|Any CPU.ActiveCfg = Debug|Any CPU
		{A14614C5-797B-4B89-B060-17E6E96D5783}.Debug|Any CPU.Build.0 = Debug|Any CPU
		{A14614C5-797B-4B89-B060-17E6E96D5783}.Release|Any CPU.ActiveCfg = Release|Any CPU
		{A14614C5-797B-4B89-B060-17E6E96D5783}.Release|Any CPU.Build.0 = Release|Any CPU
		{88EDC971-113F-4177-AD14-E21513270C64}.Debug|Any CPU.ActiveCfg = Debug|Any CPU
		{88EDC971-113F-4177-AD14-E21513270C64}.Debug|Any CPU.Build.0 = Debug|Any CPU
		{88EDC971-113F-4177-AD14-E21513270C64}.Release|Any CPU.ActiveCfg = Release|Any CPU
		{88EDC971-113F-4177-AD14-E21513270C64}.Release|Any CPU.Build.0 = Release|Any CPU
		{A3579211-7AAF-47A0-BA16-FAD6B56A973C}.Debug|Any CPU.ActiveCfg = Debug|Any CPU
		{A3579211-7AAF-47A0-BA16-FAD6B56A973C}.Debug|Any CPU.Build.0 = Debug|Any CPU
		{A3579211-7AAF-47A0-BA16-FAD6B56A973C}.Release|Any CPU.ActiveCfg = Release|Any CPU
		{A3579211-7AAF-47A0-BA16-FAD6B56A973C}.Release|Any CPU.Build.0 = Release|Any CPU
		{792A1533-7AD0-4F36-8A86-ED360882C03F}.Debug|Any CPU.ActiveCfg = Debug|Any CPU
		{792A1533-7AD0-4F36-8A86-ED360882C03F}.Debug|Any CPU.Build.0 = Debug|Any CPU
		{792A1533-7AD0-4F36-8A86-ED360882C03F}.Release|Any CPU.ActiveCfg = Release|Any CPU
		{792A1533-7AD0-4F36-8A86-ED360882C03F}.Release|Any CPU.Build.0 = Release|Any CPU
		{39002745-9844-45D2-90C2-0E4AF9C17509}.Debug|Any CPU.ActiveCfg = Debug|Any CPU
		{39002745-9844-45D2-90C2-0E4AF9C17509}.Debug|Any CPU.Build.0 = Debug|Any CPU
		{39002745-9844-45D2-90C2-0E4AF9C17509}.Release|Any CPU.ActiveCfg = Release|Any CPU
		{39002745-9844-45D2-90C2-0E4AF9C17509}.Release|Any CPU.Build.0 = Release|Any CPU
		{DBB12DA4-C154-40B8-8635-0E9D49FC609D}.Debug|Any CPU.ActiveCfg = Debug|Any CPU
		{DBB12DA4-C154-40B8-8635-0E9D49FC609D}.Debug|Any CPU.Build.0 = Debug|Any CPU
		{DBB12DA4-C154-40B8-8635-0E9D49FC609D}.Release|Any CPU.ActiveCfg = Release|Any CPU
		{DBB12DA4-C154-40B8-8635-0E9D49FC609D}.Release|Any CPU.Build.0 = Release|Any CPU
		{3B174BC7-9DFB-41C2-A50D-512F1EF61E34}.Debug|Any CPU.ActiveCfg = Debug|Any CPU
		{3B174BC7-9DFB-41C2-A50D-512F1EF61E34}.Debug|Any CPU.Build.0 = Debug|Any CPU
		{3B174BC7-9DFB-41C2-A50D-512F1EF61E34}.Release|Any CPU.ActiveCfg = Release|Any CPU
		{3B174BC7-9DFB-41C2-A50D-512F1EF61E34}.Release|Any CPU.Build.0 = Release|Any CPU
		{F30AB82A-ED53-486B-B856-403331E795E8}.Debug|Any CPU.ActiveCfg = Debug|Any CPU
		{F30AB82A-ED53-486B-B856-403331E795E8}.Debug|Any CPU.Build.0 = Debug|Any CPU
		{F30AB82A-ED53-486B-B856-403331E795E8}.Release|Any CPU.ActiveCfg = Release|Any CPU
		{F30AB82A-ED53-486B-B856-403331E795E8}.Release|Any CPU.Build.0 = Release|Any CPU
		{B127005D-D1E1-4DD9-A8BF-FAA92B69E19D}.Debug|Any CPU.ActiveCfg = Debug|Any CPU
		{B127005D-D1E1-4DD9-A8BF-FAA92B69E19D}.Debug|Any CPU.Build.0 = Debug|Any CPU
		{B127005D-D1E1-4DD9-A8BF-FAA92B69E19D}.Release|Any CPU.ActiveCfg = Release|Any CPU
		{B127005D-D1E1-4DD9-A8BF-FAA92B69E19D}.Release|Any CPU.Build.0 = Release|Any CPU
		{2AF26149-1643-44D1-8076-133ED57221F7}.Debug|Any CPU.ActiveCfg = Debug|Any CPU
		{2AF26149-1643-44D1-8076-133ED57221F7}.Debug|Any CPU.Build.0 = Debug|Any CPU
		{2AF26149-1643-44D1-8076-133ED57221F7}.Release|Any CPU.ActiveCfg = Release|Any CPU
		{2AF26149-1643-44D1-8076-133ED57221F7}.Release|Any CPU.Build.0 = Release|Any CPU
		{C3C87D5D-8860-4BCA-9C6B-519C87F53EFE}.Debug|Any CPU.ActiveCfg = Debug|Any CPU
		{C3C87D5D-8860-4BCA-9C6B-519C87F53EFE}.Debug|Any CPU.Build.0 = Debug|Any CPU
		{C3C87D5D-8860-4BCA-9C6B-519C87F53EFE}.Release|Any CPU.ActiveCfg = Release|Any CPU
		{C3C87D5D-8860-4BCA-9C6B-519C87F53EFE}.Release|Any CPU.Build.0 = Release|Any CPU
		{4D9CA517-11E2-4FC3-B2C4-354346776714}.Debug|Any CPU.ActiveCfg = Debug|Any CPU
		{4D9CA517-11E2-4FC3-B2C4-354346776714}.Debug|Any CPU.Build.0 = Debug|Any CPU
		{4D9CA517-11E2-4FC3-B2C4-354346776714}.Release|Any CPU.ActiveCfg = Release|Any CPU
		{4D9CA517-11E2-4FC3-B2C4-354346776714}.Release|Any CPU.Build.0 = Release|Any CPU
		{7356A510-85AF-419F-AC9C-83B130049120}.Debug|Any CPU.ActiveCfg = Debug|Any CPU
		{7356A510-85AF-419F-AC9C-83B130049120}.Debug|Any CPU.Build.0 = Debug|Any CPU
		{7356A510-85AF-419F-AC9C-83B130049120}.Release|Any CPU.ActiveCfg = Release|Any CPU
		{7356A510-85AF-419F-AC9C-83B130049120}.Release|Any CPU.Build.0 = Release|Any CPU
		{F6AB0976-8001-493F-9417-82EBF3799869}.Debug|Any CPU.ActiveCfg = Debug|Any CPU
		{F6AB0976-8001-493F-9417-82EBF3799869}.Debug|Any CPU.Build.0 = Debug|Any CPU
		{F6AB0976-8001-493F-9417-82EBF3799869}.Release|Any CPU.ActiveCfg = Release|Any CPU
		{F6AB0976-8001-493F-9417-82EBF3799869}.Release|Any CPU.Build.0 = Release|Any CPU
		{6A1D754E-D2D1-44BB-956B-3CD87BAFD8C2}.Debug|Any CPU.ActiveCfg = Debug|Any CPU
		{6A1D754E-D2D1-44BB-956B-3CD87BAFD8C2}.Debug|Any CPU.Build.0 = Debug|Any CPU
		{6A1D754E-D2D1-44BB-956B-3CD87BAFD8C2}.Release|Any CPU.ActiveCfg = Release|Any CPU
		{6A1D754E-D2D1-44BB-956B-3CD87BAFD8C2}.Release|Any CPU.Build.0 = Release|Any CPU
		{2A7AB31E-ED25-4F9D-BB06-14953EBB9B8A}.Debug|Any CPU.ActiveCfg = Debug|Any CPU
		{2A7AB31E-ED25-4F9D-BB06-14953EBB9B8A}.Debug|Any CPU.Build.0 = Debug|Any CPU
		{2A7AB31E-ED25-4F9D-BB06-14953EBB9B8A}.Release|Any CPU.ActiveCfg = Release|Any CPU
		{2A7AB31E-ED25-4F9D-BB06-14953EBB9B8A}.Release|Any CPU.Build.0 = Release|Any CPU
		{2925C2CF-8706-481A-94B8-7C263E2B16D9}.Debug|Any CPU.ActiveCfg = Debug|Any CPU
		{2925C2CF-8706-481A-94B8-7C263E2B16D9}.Debug|Any CPU.Build.0 = Debug|Any CPU
		{2925C2CF-8706-481A-94B8-7C263E2B16D9}.Release|Any CPU.ActiveCfg = Release|Any CPU
		{2925C2CF-8706-481A-94B8-7C263E2B16D9}.Release|Any CPU.Build.0 = Release|Any CPU
		{E169F36C-C6EF-402C-B6C0-1A309FA74502}.Debug|Any CPU.ActiveCfg = Debug|Any CPU
		{E169F36C-C6EF-402C-B6C0-1A309FA74502}.Debug|Any CPU.Build.0 = Debug|Any CPU
		{E169F36C-C6EF-402C-B6C0-1A309FA74502}.Release|Any CPU.ActiveCfg = Release|Any CPU
		{E169F36C-C6EF-402C-B6C0-1A309FA74502}.Release|Any CPU.Build.0 = Release|Any CPU
		{A9D593CA-62C0-477E-B94A-FC125DEBBAAD}.Debug|Any CPU.ActiveCfg = Debug|Any CPU
		{A9D593CA-62C0-477E-B94A-FC125DEBBAAD}.Debug|Any CPU.Build.0 = Debug|Any CPU
		{A9D593CA-62C0-477E-B94A-FC125DEBBAAD}.Release|Any CPU.ActiveCfg = Release|Any CPU
		{A9D593CA-62C0-477E-B94A-FC125DEBBAAD}.Release|Any CPU.Build.0 = Release|Any CPU
		{1FDA8E22-709A-47E2-9FD3-5FD386BF1D68}.Debug|Any CPU.ActiveCfg = Debug|Any CPU
		{1FDA8E22-709A-47E2-9FD3-5FD386BF1D68}.Debug|Any CPU.Build.0 = Debug|Any CPU
		{1FDA8E22-709A-47E2-9FD3-5FD386BF1D68}.Release|Any CPU.ActiveCfg = Release|Any CPU
		{1FDA8E22-709A-47E2-9FD3-5FD386BF1D68}.Release|Any CPU.Build.0 = Release|Any CPU
		{9A73D3A4-7FB6-4829-9194-50C235B8113D}.Debug|Any CPU.ActiveCfg = Debug|Any CPU
		{9A73D3A4-7FB6-4829-9194-50C235B8113D}.Debug|Any CPU.Build.0 = Debug|Any CPU
		{9A73D3A4-7FB6-4829-9194-50C235B8113D}.Release|Any CPU.ActiveCfg = Release|Any CPU
		{9A73D3A4-7FB6-4829-9194-50C235B8113D}.Release|Any CPU.Build.0 = Release|Any CPU
		{EC7839C9-C858-4206-979D-FF177FBF3B3F}.Debug|Any CPU.ActiveCfg = Debug|Any CPU
		{EC7839C9-C858-4206-979D-FF177FBF3B3F}.Debug|Any CPU.Build.0 = Debug|Any CPU
		{EC7839C9-C858-4206-979D-FF177FBF3B3F}.Release|Any CPU.ActiveCfg = Release|Any CPU
		{EC7839C9-C858-4206-979D-FF177FBF3B3F}.Release|Any CPU.Build.0 = Release|Any CPU
		{CCD8F050-F198-48FD-A1D9-C5CD53A90CE3}.Debug|Any CPU.ActiveCfg = Debug|Any CPU
		{CCD8F050-F198-48FD-A1D9-C5CD53A90CE3}.Debug|Any CPU.Build.0 = Debug|Any CPU
		{CCD8F050-F198-48FD-A1D9-C5CD53A90CE3}.Release|Any CPU.ActiveCfg = Release|Any CPU
		{CCD8F050-F198-48FD-A1D9-C5CD53A90CE3}.Release|Any CPU.Build.0 = Release|Any CPU
		{5FA1DD1C-E44C-4B3A-83AE-C37CB6660DAC}.Debug|Any CPU.ActiveCfg = Debug|Any CPU
		{5FA1DD1C-E44C-4B3A-83AE-C37CB6660DAC}.Debug|Any CPU.Build.0 = Debug|Any CPU
		{5FA1DD1C-E44C-4B3A-83AE-C37CB6660DAC}.Release|Any CPU.ActiveCfg = Release|Any CPU
		{5FA1DD1C-E44C-4B3A-83AE-C37CB6660DAC}.Release|Any CPU.Build.0 = Release|Any CPU
		{07B0FB91-204B-4552-A2F6-A8D76D9B8311}.Debug|Any CPU.ActiveCfg = Debug|Any CPU
		{07B0FB91-204B-4552-A2F6-A8D76D9B8311}.Debug|Any CPU.Build.0 = Debug|Any CPU
		{07B0FB91-204B-4552-A2F6-A8D76D9B8311}.Release|Any CPU.ActiveCfg = Release|Any CPU
		{07B0FB91-204B-4552-A2F6-A8D76D9B8311}.Release|Any CPU.Build.0 = Release|Any CPU
		{2691D0A2-0A92-4ED9-B801-8B34F34BF5D9}.Debug|Any CPU.ActiveCfg = Debug|Any CPU
		{2691D0A2-0A92-4ED9-B801-8B34F34BF5D9}.Debug|Any CPU.Build.0 = Debug|Any CPU
		{2691D0A2-0A92-4ED9-B801-8B34F34BF5D9}.Release|Any CPU.ActiveCfg = Release|Any CPU
		{2691D0A2-0A92-4ED9-B801-8B34F34BF5D9}.Release|Any CPU.Build.0 = Release|Any CPU
		{082047B6-8FF7-4582-8046-99A2E3780084}.Debug|Any CPU.ActiveCfg = Debug|Any CPU
		{082047B6-8FF7-4582-8046-99A2E3780084}.Debug|Any CPU.Build.0 = Debug|Any CPU
		{082047B6-8FF7-4582-8046-99A2E3780084}.Release|Any CPU.ActiveCfg = Release|Any CPU
		{082047B6-8FF7-4582-8046-99A2E3780084}.Release|Any CPU.Build.0 = Release|Any CPU
		{85858303-70D0-4FAB-A635-4785A9E24F8C}.Debug|Any CPU.ActiveCfg = Debug|Any CPU
		{85858303-70D0-4FAB-A635-4785A9E24F8C}.Debug|Any CPU.Build.0 = Debug|Any CPU
		{85858303-70D0-4FAB-A635-4785A9E24F8C}.Release|Any CPU.ActiveCfg = Release|Any CPU
		{85858303-70D0-4FAB-A635-4785A9E24F8C}.Release|Any CPU.Build.0 = Release|Any CPU
		{5669BA93-7196-49CE-A47F-B5F04BD3262E}.Debug|Any CPU.ActiveCfg = Debug|Any CPU
		{5669BA93-7196-49CE-A47F-B5F04BD3262E}.Debug|Any CPU.Build.0 = Debug|Any CPU
		{5669BA93-7196-49CE-A47F-B5F04BD3262E}.Release|Any CPU.ActiveCfg = Release|Any CPU
		{5669BA93-7196-49CE-A47F-B5F04BD3262E}.Release|Any CPU.Build.0 = Release|Any CPU
		{CDBFA835-2034-48C4-BC7E-2F6111B10C2C}.Debug|Any CPU.ActiveCfg = Debug|Any CPU
		{CDBFA835-2034-48C4-BC7E-2F6111B10C2C}.Debug|Any CPU.Build.0 = Debug|Any CPU
		{CDBFA835-2034-48C4-BC7E-2F6111B10C2C}.Release|Any CPU.ActiveCfg = Release|Any CPU
		{CDBFA835-2034-48C4-BC7E-2F6111B10C2C}.Release|Any CPU.Build.0 = Release|Any CPU
		{DFA74787-64AC-4A9E-8395-ADAAC3BCE866}.Debug|Any CPU.ActiveCfg = Debug|Any CPU
		{DFA74787-64AC-4A9E-8395-ADAAC3BCE866}.Debug|Any CPU.Build.0 = Debug|Any CPU
		{DFA74787-64AC-4A9E-8395-ADAAC3BCE866}.Release|Any CPU.ActiveCfg = Release|Any CPU
		{DFA74787-64AC-4A9E-8395-ADAAC3BCE866}.Release|Any CPU.Build.0 = Release|Any CPU
		{E6E604D8-0C24-441D-9486-AA9C7C18F387}.Debug|Any CPU.ActiveCfg = Debug|Any CPU
		{E6E604D8-0C24-441D-9486-AA9C7C18F387}.Debug|Any CPU.Build.0 = Debug|Any CPU
		{E6E604D8-0C24-441D-9486-AA9C7C18F387}.Release|Any CPU.ActiveCfg = Release|Any CPU
		{E6E604D8-0C24-441D-9486-AA9C7C18F387}.Release|Any CPU.Build.0 = Release|Any CPU
		{B2693D79-066F-4D05-96AC-1D5704B6997E}.Debug|Any CPU.ActiveCfg = Debug|Any CPU
		{B2693D79-066F-4D05-96AC-1D5704B6997E}.Debug|Any CPU.Build.0 = Debug|Any CPU
		{B2693D79-066F-4D05-96AC-1D5704B6997E}.Release|Any CPU.ActiveCfg = Release|Any CPU
		{B2693D79-066F-4D05-96AC-1D5704B6997E}.Release|Any CPU.Build.0 = Release|Any CPU
		{868084EF-3B0D-49B1-9B0D-0C9C1D75483E}.Debug|Any CPU.ActiveCfg = Debug|Any CPU
		{868084EF-3B0D-49B1-9B0D-0C9C1D75483E}.Debug|Any CPU.Build.0 = Debug|Any CPU
		{868084EF-3B0D-49B1-9B0D-0C9C1D75483E}.Release|Any CPU.ActiveCfg = Release|Any CPU
		{868084EF-3B0D-49B1-9B0D-0C9C1D75483E}.Release|Any CPU.Build.0 = Release|Any CPU
		{2045A718-D6BD-484C-A71F-711AF5A891FD}.Debug|Any CPU.ActiveCfg = Debug|Any CPU
		{2045A718-D6BD-484C-A71F-711AF5A891FD}.Debug|Any CPU.Build.0 = Debug|Any CPU
		{2045A718-D6BD-484C-A71F-711AF5A891FD}.Release|Any CPU.ActiveCfg = Release|Any CPU
		{2045A718-D6BD-484C-A71F-711AF5A891FD}.Release|Any CPU.Build.0 = Release|Any CPU
		{65ABCD99-E000-49AD-89CC-A82872C51556}.Debug|Any CPU.ActiveCfg = Debug|Any CPU
		{65ABCD99-E000-49AD-89CC-A82872C51556}.Debug|Any CPU.Build.0 = Debug|Any CPU
		{65ABCD99-E000-49AD-89CC-A82872C51556}.Release|Any CPU.ActiveCfg = Release|Any CPU
		{65ABCD99-E000-49AD-89CC-A82872C51556}.Release|Any CPU.Build.0 = Release|Any CPU
		{F6FCB8C4-2563-4605-B0AC-64782F092BF2}.Debug|Any CPU.ActiveCfg = Debug|Any CPU
		{F6FCB8C4-2563-4605-B0AC-64782F092BF2}.Debug|Any CPU.Build.0 = Debug|Any CPU
		{F6FCB8C4-2563-4605-B0AC-64782F092BF2}.Release|Any CPU.ActiveCfg = Release|Any CPU
		{F6FCB8C4-2563-4605-B0AC-64782F092BF2}.Release|Any CPU.Build.0 = Release|Any CPU
		{B43BA983-134C-4429-8AC0-F0B73D6E9D0A}.Debug|Any CPU.ActiveCfg = Debug|Any CPU
		{B43BA983-134C-4429-8AC0-F0B73D6E9D0A}.Debug|Any CPU.Build.0 = Debug|Any CPU
		{B43BA983-134C-4429-8AC0-F0B73D6E9D0A}.Release|Any CPU.ActiveCfg = Release|Any CPU
		{B43BA983-134C-4429-8AC0-F0B73D6E9D0A}.Release|Any CPU.Build.0 = Release|Any CPU
		{28E71527-03D6-45FC-AE9A-B5205A8D0103}.Debug|Any CPU.ActiveCfg = Debug|Any CPU
		{28E71527-03D6-45FC-AE9A-B5205A8D0103}.Debug|Any CPU.Build.0 = Debug|Any CPU
		{28E71527-03D6-45FC-AE9A-B5205A8D0103}.Release|Any CPU.ActiveCfg = Release|Any CPU
		{28E71527-03D6-45FC-AE9A-B5205A8D0103}.Release|Any CPU.Build.0 = Release|Any CPU
		{83121F47-C563-4CF5-813F-5A0E47B74ACF}.Debug|Any CPU.ActiveCfg = Debug|Any CPU
		{83121F47-C563-4CF5-813F-5A0E47B74ACF}.Debug|Any CPU.Build.0 = Debug|Any CPU
		{83121F47-C563-4CF5-813F-5A0E47B74ACF}.Release|Any CPU.ActiveCfg = Release|Any CPU
		{83121F47-C563-4CF5-813F-5A0E47B74ACF}.Release|Any CPU.Build.0 = Release|Any CPU
		{8A0AC3CB-01D0-432E-AB10-3539C87B6C31}.Debug|Any CPU.ActiveCfg = Debug|Any CPU
		{8A0AC3CB-01D0-432E-AB10-3539C87B6C31}.Debug|Any CPU.Build.0 = Debug|Any CPU
		{8A0AC3CB-01D0-432E-AB10-3539C87B6C31}.Release|Any CPU.ActiveCfg = Release|Any CPU
		{8A0AC3CB-01D0-432E-AB10-3539C87B6C31}.Release|Any CPU.Build.0 = Release|Any CPU
		{00FB9601-1650-46CA-8F35-15DEFEABEBC9}.Debug|Any CPU.ActiveCfg = Debug|Any CPU
		{00FB9601-1650-46CA-8F35-15DEFEABEBC9}.Debug|Any CPU.Build.0 = Debug|Any CPU
		{00FB9601-1650-46CA-8F35-15DEFEABEBC9}.Release|Any CPU.ActiveCfg = Release|Any CPU
		{00FB9601-1650-46CA-8F35-15DEFEABEBC9}.Release|Any CPU.Build.0 = Release|Any CPU
		{279CC673-5B5D-440D-B111-2C02453C2403}.Debug|Any CPU.ActiveCfg = Debug|Any CPU
		{279CC673-5B5D-440D-B111-2C02453C2403}.Debug|Any CPU.Build.0 = Debug|Any CPU
		{279CC673-5B5D-440D-B111-2C02453C2403}.Release|Any CPU.ActiveCfg = Release|Any CPU
		{279CC673-5B5D-440D-B111-2C02453C2403}.Release|Any CPU.Build.0 = Release|Any CPU
		{174E1C8C-4BF1-4F58-8A5A-44860AEA9B55}.Debug|Any CPU.ActiveCfg = Debug|Any CPU
		{174E1C8C-4BF1-4F58-8A5A-44860AEA9B55}.Debug|Any CPU.Build.0 = Debug|Any CPU
		{174E1C8C-4BF1-4F58-8A5A-44860AEA9B55}.Release|Any CPU.ActiveCfg = Release|Any CPU
		{174E1C8C-4BF1-4F58-8A5A-44860AEA9B55}.Release|Any CPU.Build.0 = Release|Any CPU
	EndGlobalSection
	GlobalSection(SolutionProperties) = preSolution
		HideSolutionNode = FALSE
	EndGlobalSection
	GlobalSection(NestedProjects) = preSolution
		{6CDD5327-B412-40B3-ABC9-A92211F167AA} = {76EF6245-8D3F-464A-BB7E-ED8622AAEB05}
		{1AD154AD-3377-44A1-8BC3-FA86CCB40E93} = {8B542B00-87DC-489A-9166-981260EE1AF6}
		{38EF3D60-1414-4777-AD9E-39042B55A045} = {1AD154AD-3377-44A1-8BC3-FA86CCB40E93}
		{10639FD4-78A1-4F0E-BD53-4D7EED316607} = {1AD154AD-3377-44A1-8BC3-FA86CCB40E93}
		{41C398FB-42B4-472A-B46B-CADCBEF14249} = {1AD154AD-3377-44A1-8BC3-FA86CCB40E93}
		{F367A4E0-6BBC-43B0-956F-6F0E0E11A6FE} = {1AD154AD-3377-44A1-8BC3-FA86CCB40E93}
		{77452356-61F9-4D92-BA06-BA5C47C96074} = {1AD154AD-3377-44A1-8BC3-FA86CCB40E93}
		{F03F6702-F3B0-4E73-AF42-55829F8CDA54} = {77452356-61F9-4D92-BA06-BA5C47C96074}
		{9655A0A8-990D-425E-AE4B-5B125F264C27} = {77452356-61F9-4D92-BA06-BA5C47C96074}
		{F00E16D4-A85C-473F-82BB-6DB4F4AE7ADD} = {77452356-61F9-4D92-BA06-BA5C47C96074}
		{A594511B-EA29-4EAC-93CB-58360DD54F16} = {77452356-61F9-4D92-BA06-BA5C47C96074}
		{207ABBB4-5977-4FFB-8AF3-15C34D21BB1D} = {77452356-61F9-4D92-BA06-BA5C47C96074}
		{A14614C5-797B-4B89-B060-17E6E96D5783} = {DC97D607-3292-4313-8CED-8AA0B19FF382}
		{88EDC971-113F-4177-AD14-E21513270C64} = {DC97D607-3292-4313-8CED-8AA0B19FF382}
		{A3579211-7AAF-47A0-BA16-FAD6B56A973C} = {DC97D607-3292-4313-8CED-8AA0B19FF382}
		{792A1533-7AD0-4F36-8A86-ED360882C03F} = {76EF6245-8D3F-464A-BB7E-ED8622AAEB05}
		{39002745-9844-45D2-90C2-0E4AF9C17509} = {DC97D607-3292-4313-8CED-8AA0B19FF382}
		{DBB12DA4-C154-40B8-8635-0E9D49FC609D} = {DC97D607-3292-4313-8CED-8AA0B19FF382}
		{3B174BC7-9DFB-41C2-A50D-512F1EF61E34} = {76EF6245-8D3F-464A-BB7E-ED8622AAEB05}
		{DC97D607-3292-4313-8CED-8AA0B19FF382} = {76EF6245-8D3F-464A-BB7E-ED8622AAEB05}
		{F30AB82A-ED53-486B-B856-403331E795E8} = {DC97D607-3292-4313-8CED-8AA0B19FF382}
		{B127005D-D1E1-4DD9-A8BF-FAA92B69E19D} = {8B542B00-87DC-489A-9166-981260EE1AF6}
		{2AF26149-1643-44D1-8076-133ED57221F7} = {8B542B00-87DC-489A-9166-981260EE1AF6}
		{C3C87D5D-8860-4BCA-9C6B-519C87F53EFE} = {8B542B00-87DC-489A-9166-981260EE1AF6}
		{64AA9E57-894B-4BBE-85C3-44611F92D12D} = {4458BF2D-1651-4346-AA76-2D3EC3F8E5EA}
		{4D9CA517-11E2-4FC3-B2C4-354346776714} = {8B542B00-87DC-489A-9166-981260EE1AF6}
		{7356A510-85AF-419F-AC9C-83B130049120} = {8B542B00-87DC-489A-9166-981260EE1AF6}
		{F6AB0976-8001-493F-9417-82EBF3799869} = {76EF6245-8D3F-464A-BB7E-ED8622AAEB05}
		{6A1D754E-D2D1-44BB-956B-3CD87BAFD8C2} = {DC97D607-3292-4313-8CED-8AA0B19FF382}
		{2A7AB31E-ED25-4F9D-BB06-14953EBB9B8A} = {77452356-61F9-4D92-BA06-BA5C47C96074}
		{2925C2CF-8706-481A-94B8-7C263E2B16D9} = {DC97D607-3292-4313-8CED-8AA0B19FF382}
		{E169F36C-C6EF-402C-B6C0-1A309FA74502} = {77452356-61F9-4D92-BA06-BA5C47C96074}
		{A9D593CA-62C0-477E-B94A-FC125DEBBAAD} = {1AD154AD-3377-44A1-8BC3-FA86CCB40E93}
		{1FDA8E22-709A-47E2-9FD3-5FD386BF1D68} = {1AD154AD-3377-44A1-8BC3-FA86CCB40E93}
		{9A73D3A4-7FB6-4829-9194-50C235B8113D} = {1AD154AD-3377-44A1-8BC3-FA86CCB40E93}
		{EC7839C9-C858-4206-979D-FF177FBF3B3F} = {77452356-61F9-4D92-BA06-BA5C47C96074}
		{CCD8F050-F198-48FD-A1D9-C5CD53A90CE3} = {77452356-61F9-4D92-BA06-BA5C47C96074}
		{5FA1DD1C-E44C-4B3A-83AE-C37CB6660DAC} = {77452356-61F9-4D92-BA06-BA5C47C96074}
		{07B0FB91-204B-4552-A2F6-A8D76D9B8311} = {77452356-61F9-4D92-BA06-BA5C47C96074}
		{2691D0A2-0A92-4ED9-B801-8B34F34BF5D9} = {CC8C7D59-0D31-4743-A44C-ECFB1C20566D}
		{082047B6-8FF7-4582-8046-99A2E3780084} = {CC8C7D59-0D31-4743-A44C-ECFB1C20566D}
		{85858303-70D0-4FAB-A635-4785A9E24F8C} = {CC8C7D59-0D31-4743-A44C-ECFB1C20566D}
		{5669BA93-7196-49CE-A47F-B5F04BD3262E} = {77452356-61F9-4D92-BA06-BA5C47C96074}
		{CDBFA835-2034-48C4-BC7E-2F6111B10C2C} = {DC97D607-3292-4313-8CED-8AA0B19FF382}
		{DFA74787-64AC-4A9E-8395-ADAAC3BCE866} = {DC97D607-3292-4313-8CED-8AA0B19FF382}
		{E6E604D8-0C24-441D-9486-AA9C7C18F387} = {DC97D607-3292-4313-8CED-8AA0B19FF382}
		{B2693D79-066F-4D05-96AC-1D5704B6997E} = {77452356-61F9-4D92-BA06-BA5C47C96074}
		{868084EF-3B0D-49B1-9B0D-0C9C1D75483E} = {77452356-61F9-4D92-BA06-BA5C47C96074}
		{2045A718-D6BD-484C-A71F-711AF5A891FD} = {8B542B00-87DC-489A-9166-981260EE1AF6}
		{65ABCD99-E000-49AD-89CC-A82872C51556} = {77452356-61F9-4D92-BA06-BA5C47C96074}
		{F6FCB8C4-2563-4605-B0AC-64782F092BF2} = {DC97D607-3292-4313-8CED-8AA0B19FF382}
		{B43BA983-134C-4429-8AC0-F0B73D6E9D0A} = {DC97D607-3292-4313-8CED-8AA0B19FF382}
		{7F8E3AFD-0FBC-49A8-A7D8-DCA6CA4D8140} = {34EFDC1E-5B4C-4590-9540-6C9660978963}
		{28E71527-03D6-45FC-AE9A-B5205A8D0103} = {1AD154AD-3377-44A1-8BC3-FA86CCB40E93}
		{83121F47-C563-4CF5-813F-5A0E47B74ACF} = {8B542B00-87DC-489A-9166-981260EE1AF6}
		{8A0AC3CB-01D0-432E-AB10-3539C87B6C31} = {DC97D607-3292-4313-8CED-8AA0B19FF382}
		{00FB9601-1650-46CA-8F35-15DEFEABEBC9} = {77452356-61F9-4D92-BA06-BA5C47C96074}
		{279CC673-5B5D-440D-B111-2C02453C2403} = {DC97D607-3292-4313-8CED-8AA0B19FF382}
		{174E1C8C-4BF1-4F58-8A5A-44860AEA9B55} = {77452356-61F9-4D92-BA06-BA5C47C96074}
	EndGlobalSection
	GlobalSection(ExtensibilityGlobals) = postSolution
		SolutionGuid = {FCE97902-2004-4E22-84BB-3C7593359A8B}
	EndGlobalSection
EndGlobal
